// !$*UTF8*$!
{
	archiveVersion = 1;
	classes = {
	};
	objectVersion = 55;
	objects = {

/* Begin PBXBuildFile section */
		E925832227588FC4002B0F49 /* NetWorkManager.swift in Sources */ = {isa = PBXBuildFile; fileRef = E925832127588FC4002B0F49 /* NetWorkManager.swift */; };
		E9258325275895B2002B0F49 /* ConfigView.swift in Sources */ = {isa = PBXBuildFile; fileRef = E9258324275895B2002B0F49 /* ConfigView.swift */; };
		E935F3042759EF78001CD0BC /* SpecificCornerShape.swift in Sources */ = {isa = PBXBuildFile; fileRef = E935F3032759EF78001CD0BC /* SpecificCornerShape.swift */; };
		E958E37127CB9F37001197A9 /* BottomSheetView.swift in Sources */ = {isa = PBXBuildFile; fileRef = E958E37027CB9F37001197A9 /* BottomSheetView.swift */; };
		E958E37327CBA9C6001197A9 /* ConnectionOrderModel.swift in Sources */ = {isa = PBXBuildFile; fileRef = E958E37227CBA9C6001197A9 /* ConnectionOrderModel.swift */; };
		E958E37527CBB290001197A9 /* proxies.json in Resources */ = {isa = PBXBuildFile; fileRef = E958E37427CBB290001197A9 /* proxies.json */; };
		E958E37727CBB43B001197A9 /* ProxyModel.swift in Sources */ = {isa = PBXBuildFile; fileRef = E958E37627CBB43B001197A9 /* ProxyModel.swift */; };
		E958E37927CBC09D001197A9 /* PlaceHoldView.swift in Sources */ = {isa = PBXBuildFile; fileRef = E958E37827CBC09D001197A9 /* PlaceHoldView.swift */; };
		E958E38127CC66EF001197A9 /* ClaftMacApp.swift in Sources */ = {isa = PBXBuildFile; fileRef = E958E38027CC66EF001197A9 /* ClaftMacApp.swift */; };
		E958E38527CC66F2001197A9 /* Assets.xcassets in Resources */ = {isa = PBXBuildFile; fileRef = E958E38427CC66F2001197A9 /* Assets.xcassets */; };
		E958E38827CC66F2001197A9 /* Preview Assets.xcassets in Resources */ = {isa = PBXBuildFile; fileRef = E958E38727CC66F2001197A9 /* Preview Assets.xcassets */; };
		E958E39327CC66F2001197A9 /* ClaftMacTests.swift in Sources */ = {isa = PBXBuildFile; fileRef = E958E39227CC66F2001197A9 /* ClaftMacTests.swift */; };
		E958E39D27CC66F2001197A9 /* ClaftMacUITests.swift in Sources */ = {isa = PBXBuildFile; fileRef = E958E39C27CC66F2001197A9 /* ClaftMacUITests.swift */; };
		E958E39F27CC66F2001197A9 /* ClaftMacUITestsLaunchTests.swift in Sources */ = {isa = PBXBuildFile; fileRef = E958E39E27CC66F2001197A9 /* ClaftMacUITestsLaunchTests.swift */; };
		E958E3AA27CC6742001197A9 /* ServerCard.swift in Sources */ = {isa = PBXBuildFile; fileRef = E9D75DF62755CA62008E20F0 /* ServerCard.swift */; };
		E958E3AB27CC6748001197A9 /* ProxiesView.swift in Sources */ = {isa = PBXBuildFile; fileRef = E9D75DF42754CE26008E20F0 /* ProxiesView.swift */; };
		E958E3AC27CC674C001197A9 /* ConfigView.swift in Sources */ = {isa = PBXBuildFile; fileRef = E9258324275895B2002B0F49 /* ConfigView.swift */; };
		E958E3AD27CC674C001197A9 /* ConnectionCardView.swift in Sources */ = {isa = PBXBuildFile; fileRef = E9E7D8CC27CB371200F3A1D2 /* ConnectionCardView.swift */; };
		E958E3AE27CC674C001197A9 /* PlaceHoldView.swift in Sources */ = {isa = PBXBuildFile; fileRef = E958E37827CBC09D001197A9 /* PlaceHoldView.swift */; };
		E958E3AF27CC674C001197A9 /* SpecificCornerShape.swift in Sources */ = {isa = PBXBuildFile; fileRef = E935F3032759EF78001CD0BC /* SpecificCornerShape.swift */; };
		E958E3B027CC674C001197A9 /* CreateServer.swift in Sources */ = {isa = PBXBuildFile; fileRef = E9F83ED72757A2B60022B6BC /* CreateServer.swift */; };
		E958E3B127CC674C001197A9 /* ConnectionsView.swift in Sources */ = {isa = PBXBuildFile; fileRef = E9E7D8CA27CB36D800F3A1D2 /* ConnectionsView.swift */; };
		E958E3B227CC674C001197A9 /* ManageServerPanel.swift in Sources */ = {isa = PBXBuildFile; fileRef = E9F83ED5275788350022B6BC /* ManageServerPanel.swift */; };
		E958E3B327CC674C001197A9 /* BottomSheetView.swift in Sources */ = {isa = PBXBuildFile; fileRef = E958E37027CB9F37001197A9 /* BottomSheetView.swift */; };
		E958E3B427CC6750001197A9 /* NetWorkManager.swift in Sources */ = {isa = PBXBuildFile; fileRef = E925832127588FC4002B0F49 /* NetWorkManager.swift */; };
		E958E3B527CC6750001197A9 /* Formater.swift in Sources */ = {isa = PBXBuildFile; fileRef = E9EA0FE92760E5CC00F9AAB4 /* Formater.swift */; };
		E958E3B627CC6750001197A9 /* LocalFileReader.swift in Sources */ = {isa = PBXBuildFile; fileRef = E9EA0FE62760E46E00F9AAB4 /* LocalFileReader.swift */; };
		E958E3B727CC6750001197A9 /* WebSocket.swift in Sources */ = {isa = PBXBuildFile; fileRef = E9E7D8BC27CA3DB800F3A1D2 /* WebSocket.swift */; };
		E958E3B927CC6754001197A9 /* ConnectionOrderModel.swift in Sources */ = {isa = PBXBuildFile; fileRef = E958E37227CBA9C6001197A9 /* ConnectionOrderModel.swift */; };
		E958E3BA27CC6754001197A9 /* ServerModel.swift in Sources */ = {isa = PBXBuildFile; fileRef = E9E7D8B627C9F82100F3A1D2 /* ServerModel.swift */; };
		E958E3BB27CC6754001197A9 /* ProxyModel.swift in Sources */ = {isa = PBXBuildFile; fileRef = E958E37627CBB43B001197A9 /* ProxyModel.swift */; };
		E958E3BC27CC6754001197A9 /* ConfigModel.swift in Sources */ = {isa = PBXBuildFile; fileRef = E9C99BBD27588E6A009EF515 /* ConfigModel.swift */; };
		E958E3BD27CC6754001197A9 /* WebSocketModel.swift in Sources */ = {isa = PBXBuildFile; fileRef = E9E7D8BE27CA4B6E00F3A1D2 /* WebSocketModel.swift */; };
		E958E3BF27CC6760001197A9 /* config.json in Resources */ = {isa = PBXBuildFile; fileRef = E9EA0FE42760E0D800F9AAB4 /* config.json */; };
		E958E3C027CC6760001197A9 /* proxies.json in Resources */ = {isa = PBXBuildFile; fileRef = E958E37427CBB290001197A9 /* proxies.json */; };
		E958E3C127CC6760001197A9 /* connection.json in Resources */ = {isa = PBXBuildFile; fileRef = E9E7D8CE27CB477F00F3A1D2 /* connection.json */; };
		E958E3C227CC6792001197A9 /* SocketRocket.xcframework in Frameworks */ = {isa = PBXBuildFile; fileRef = E9E7D8BA27CA3D6E00F3A1D2 /* SocketRocket.xcframework */; };
		E958E3C327CC6792001197A9 /* SocketRocket.xcframework in Embed Frameworks */ = {isa = PBXBuildFile; fileRef = E9E7D8BA27CA3D6E00F3A1D2 /* SocketRocket.xcframework */; settings = {ATTRIBUTES = (CodeSignOnCopy, RemoveHeadersOnCopy, ); }; };
		E958E3C727CC6CE6001197A9 /* ContentView.swift in Sources */ = {isa = PBXBuildFile; fileRef = E9D75DCC2754C106008E20F0 /* ContentView.swift */; };
		E9BDD23827CFC2C300A171B5 /* OverView.swift in Sources */ = {isa = PBXBuildFile; fileRef = E9BDD23727CFC2C300A171B5 /* OverView.swift */; };
		E9BDD23927CFC2C300A171B5 /* OverView.swift in Sources */ = {isa = PBXBuildFile; fileRef = E9BDD23727CFC2C300A171B5 /* OverView.swift */; };
		E9BDD23B27CFC33D00A171B5 /* NetworkSpeedDraw.swift in Sources */ = {isa = PBXBuildFile; fileRef = E9BDD23A27CFC33D00A171B5 /* NetworkSpeedDraw.swift */; };
		E9BDD23C27CFC33D00A171B5 /* NetworkSpeedDraw.swift in Sources */ = {isa = PBXBuildFile; fileRef = E9BDD23A27CFC33D00A171B5 /* NetworkSpeedDraw.swift */; };
		E9C99BBE27588E6A009EF515 /* ConfigModel.swift in Sources */ = {isa = PBXBuildFile; fileRef = E9C99BBD27588E6A009EF515 /* ConfigModel.swift */; };
		E9CA47AB27CCEF7F008640F9 /* LogView.swift in Sources */ = {isa = PBXBuildFile; fileRef = E9CA47AA27CCEF7F008640F9 /* LogView.swift */; };
		E9CA47AC27CCEF7F008640F9 /* LogView.swift in Sources */ = {isa = PBXBuildFile; fileRef = E9CA47AA27CCEF7F008640F9 /* LogView.swift */; };
		E9CA47AE27CDC8A8008640F9 /* ServerListView.swift in Sources */ = {isa = PBXBuildFile; fileRef = E9CA47AD27CDC8A8008640F9 /* ServerListView.swift */; };
		E9CA47AF27CDC8A8008640F9 /* ServerListView.swift in Sources */ = {isa = PBXBuildFile; fileRef = E9CA47AD27CDC8A8008640F9 /* ServerListView.swift */; };
		E9D29F8127CE6118002E5088 /* RuleView.swift in Sources */ = {isa = PBXBuildFile; fileRef = E9D29F8027CE6118002E5088 /* RuleView.swift */; };
		E9D29F8227CE6118002E5088 /* RuleView.swift in Sources */ = {isa = PBXBuildFile; fileRef = E9D29F8027CE6118002E5088 /* RuleView.swift */; };
		E9D29F8427CE6137002E5088 /* RuleCardView.swift in Sources */ = {isa = PBXBuildFile; fileRef = E9D29F8327CE6137002E5088 /* RuleCardView.swift */; };
		E9D29F8527CE6137002E5088 /* RuleCardView.swift in Sources */ = {isa = PBXBuildFile; fileRef = E9D29F8327CE6137002E5088 /* RuleCardView.swift */; };
		E9D29F8727CE614D002E5088 /* RuleModel.swift in Sources */ = {isa = PBXBuildFile; fileRef = E9D29F8627CE614D002E5088 /* RuleModel.swift */; };
		E9D29F8827CE614D002E5088 /* RuleModel.swift in Sources */ = {isa = PBXBuildFile; fileRef = E9D29F8627CE614D002E5088 /* RuleModel.swift */; };
		E9D75DCB2754C106008E20F0 /* claftApp.swift in Sources */ = {isa = PBXBuildFile; fileRef = E9D75DCA2754C106008E20F0 /* claftApp.swift */; };
		E9D75DCD2754C106008E20F0 /* ContentView.swift in Sources */ = {isa = PBXBuildFile; fileRef = E9D75DCC2754C106008E20F0 /* ContentView.swift */; };
		E9D75DD22754C109008E20F0 /* Preview Assets.xcassets in Resources */ = {isa = PBXBuildFile; fileRef = E9D75DD12754C109008E20F0 /* Preview Assets.xcassets */; };
		E9D75DDC2754C109008E20F0 /* claftTests.swift in Sources */ = {isa = PBXBuildFile; fileRef = E9D75DDB2754C109008E20F0 /* claftTests.swift */; };
		E9D75DE62754C109008E20F0 /* claftUITests.swift in Sources */ = {isa = PBXBuildFile; fileRef = E9D75DE52754C109008E20F0 /* claftUITests.swift */; };
		E9D75DE82754C109008E20F0 /* claftUITestsLaunchTests.swift in Sources */ = {isa = PBXBuildFile; fileRef = E9D75DE72754C109008E20F0 /* claftUITestsLaunchTests.swift */; };
		E9D75DF52754CE26008E20F0 /* ProxiesView.swift in Sources */ = {isa = PBXBuildFile; fileRef = E9D75DF42754CE26008E20F0 /* ProxiesView.swift */; };
		E9D75DF72755CA62008E20F0 /* ServerCard.swift in Sources */ = {isa = PBXBuildFile; fileRef = E9D75DF62755CA62008E20F0 /* ServerCard.swift */; };
		E9E7D8B727C9F82100F3A1D2 /* ServerModel.swift in Sources */ = {isa = PBXBuildFile; fileRef = E9E7D8B627C9F82100F3A1D2 /* ServerModel.swift */; };
		E9E7D8BD27CA3DB800F3A1D2 /* WebSocket.swift in Sources */ = {isa = PBXBuildFile; fileRef = E9E7D8BC27CA3DB800F3A1D2 /* WebSocket.swift */; };
		E9E7D8BF27CA4B6E00F3A1D2 /* WebSocketModel.swift in Sources */ = {isa = PBXBuildFile; fileRef = E9E7D8BE27CA4B6E00F3A1D2 /* WebSocketModel.swift */; };
		E9E7D8C127CA71A800F3A1D2 /* Assets.xcassets in Resources */ = {isa = PBXBuildFile; fileRef = E9E7D8C027CA71A800F3A1D2 /* Assets.xcassets */; };
		E9E7D8C527CA740E00F3A1D2 /* SocketRocket.xcframework in Frameworks */ = {isa = PBXBuildFile; fileRef = E9E7D8BA27CA3D6E00F3A1D2 /* SocketRocket.xcframework */; };
		E9E7D8C627CA740E00F3A1D2 /* SocketRocket.xcframework in Embed Frameworks */ = {isa = PBXBuildFile; fileRef = E9E7D8BA27CA3D6E00F3A1D2 /* SocketRocket.xcframework */; settings = {ATTRIBUTES = (CodeSignOnCopy, RemoveHeadersOnCopy, ); }; };
		E9E7D8CB27CB36D800F3A1D2 /* ConnectionsView.swift in Sources */ = {isa = PBXBuildFile; fileRef = E9E7D8CA27CB36D800F3A1D2 /* ConnectionsView.swift */; };
		E9E7D8CD27CB371200F3A1D2 /* ConnectionCardView.swift in Sources */ = {isa = PBXBuildFile; fileRef = E9E7D8CC27CB371200F3A1D2 /* ConnectionCardView.swift */; };
		E9E7D8CF27CB477F00F3A1D2 /* connection.json in Resources */ = {isa = PBXBuildFile; fileRef = E9E7D8CE27CB477F00F3A1D2 /* connection.json */; };
		E9EA0FE52760E0D800F9AAB4 /* config.json in Resources */ = {isa = PBXBuildFile; fileRef = E9EA0FE42760E0D800F9AAB4 /* config.json */; };
		E9EA0FE72760E46E00F9AAB4 /* LocalFileReader.swift in Sources */ = {isa = PBXBuildFile; fileRef = E9EA0FE62760E46E00F9AAB4 /* LocalFileReader.swift */; };
		E9EA0FEA2760E5CC00F9AAB4 /* Formater.swift in Sources */ = {isa = PBXBuildFile; fileRef = E9EA0FE92760E5CC00F9AAB4 /* Formater.swift */; };
		E9F83ED6275788350022B6BC /* ManageServerPanel.swift in Sources */ = {isa = PBXBuildFile; fileRef = E9F83ED5275788350022B6BC /* ManageServerPanel.swift */; };
		E9F83ED82757A2B60022B6BC /* CreateServer.swift in Sources */ = {isa = PBXBuildFile; fileRef = E9F83ED72757A2B60022B6BC /* CreateServer.swift */; };
/* End PBXBuildFile section */

/* Begin PBXContainerItemProxy section */
		E958E38F27CC66F2001197A9 /* PBXContainerItemProxy */ = {
			isa = PBXContainerItemProxy;
			containerPortal = E9D75DBF2754C106008E20F0 /* Project object */;
			proxyType = 1;
			remoteGlobalIDString = E958E37D27CC66EF001197A9;
			remoteInfo = ClaftMac;
		};
		E958E39927CC66F2001197A9 /* PBXContainerItemProxy */ = {
			isa = PBXContainerItemProxy;
			containerPortal = E9D75DBF2754C106008E20F0 /* Project object */;
			proxyType = 1;
			remoteGlobalIDString = E958E37D27CC66EF001197A9;
			remoteInfo = ClaftMac;
		};
		E9D75DD82754C109008E20F0 /* PBXContainerItemProxy */ = {
			isa = PBXContainerItemProxy;
			containerPortal = E9D75DBF2754C106008E20F0 /* Project object */;
			proxyType = 1;
			remoteGlobalIDString = E9D75DC62754C106008E20F0;
			remoteInfo = claft;
		};
		E9D75DE22754C109008E20F0 /* PBXContainerItemProxy */ = {
			isa = PBXContainerItemProxy;
			containerPortal = E9D75DBF2754C106008E20F0 /* Project object */;
			proxyType = 1;
			remoteGlobalIDString = E9D75DC62754C106008E20F0;
			remoteInfo = claft;
		};
/* End PBXContainerItemProxy section */

/* Begin PBXCopyFilesBuildPhase section */
		E958E3C427CC6792001197A9 /* Embed Frameworks */ = {
			isa = PBXCopyFilesBuildPhase;
			buildActionMask = 2147483647;
			dstPath = "";
			dstSubfolderSpec = 10;
			files = (
				E958E3C327CC6792001197A9 /* SocketRocket.xcframework in Embed Frameworks */,
			);
			name = "Embed Frameworks";
			runOnlyForDeploymentPostprocessing = 0;
		};
		E9E7D8C727CA740E00F3A1D2 /* Embed Frameworks */ = {
			isa = PBXCopyFilesBuildPhase;
			buildActionMask = 2147483647;
			dstPath = "";
			dstSubfolderSpec = 10;
			files = (
				E9E7D8C627CA740E00F3A1D2 /* SocketRocket.xcframework in Embed Frameworks */,
			);
			name = "Embed Frameworks";
			runOnlyForDeploymentPostprocessing = 0;
		};
/* End PBXCopyFilesBuildPhase section */

/* Begin PBXFileReference section */
		E925832127588FC4002B0F49 /* NetWorkManager.swift */ = {isa = PBXFileReference; lastKnownFileType = sourcecode.swift; path = NetWorkManager.swift; sourceTree = "<group>"; };
		E9258324275895B2002B0F49 /* ConfigView.swift */ = {isa = PBXFileReference; lastKnownFileType = sourcecode.swift; path = ConfigView.swift; sourceTree = "<group>"; };
		E935F3032759EF78001CD0BC /* SpecificCornerShape.swift */ = {isa = PBXFileReference; lastKnownFileType = sourcecode.swift; path = SpecificCornerShape.swift; sourceTree = "<group>"; };
		E958E37027CB9F37001197A9 /* BottomSheetView.swift */ = {isa = PBXFileReference; lastKnownFileType = sourcecode.swift; path = BottomSheetView.swift; sourceTree = "<group>"; };
		E958E37227CBA9C6001197A9 /* ConnectionOrderModel.swift */ = {isa = PBXFileReference; lastKnownFileType = sourcecode.swift; path = ConnectionOrderModel.swift; sourceTree = "<group>"; };
		E958E37427CBB290001197A9 /* proxies.json */ = {isa = PBXFileReference; fileEncoding = 4; lastKnownFileType = text.json; path = proxies.json; sourceTree = "<group>"; };
		E958E37627CBB43B001197A9 /* ProxyModel.swift */ = {isa = PBXFileReference; lastKnownFileType = sourcecode.swift; path = ProxyModel.swift; sourceTree = "<group>"; };
		E958E37827CBC09D001197A9 /* PlaceHoldView.swift */ = {isa = PBXFileReference; lastKnownFileType = sourcecode.swift; path = PlaceHoldView.swift; sourceTree = "<group>"; };
		E958E37E27CC66EF001197A9 /* ClaftMac.app */ = {isa = PBXFileReference; explicitFileType = wrapper.application; includeInIndex = 0; path = ClaftMac.app; sourceTree = BUILT_PRODUCTS_DIR; };
		E958E38027CC66EF001197A9 /* ClaftMacApp.swift */ = {isa = PBXFileReference; lastKnownFileType = sourcecode.swift; path = ClaftMacApp.swift; sourceTree = "<group>"; };
		E958E38427CC66F2001197A9 /* Assets.xcassets */ = {isa = PBXFileReference; lastKnownFileType = folder.assetcatalog; path = Assets.xcassets; sourceTree = "<group>"; };
		E958E38727CC66F2001197A9 /* Preview Assets.xcassets */ = {isa = PBXFileReference; lastKnownFileType = folder.assetcatalog; path = "Preview Assets.xcassets"; sourceTree = "<group>"; };
		E958E38927CC66F2001197A9 /* ClaftMac.entitlements */ = {isa = PBXFileReference; lastKnownFileType = text.plist.entitlements; path = ClaftMac.entitlements; sourceTree = "<group>"; };
		E958E38E27CC66F2001197A9 /* ClaftMacTests.xctest */ = {isa = PBXFileReference; explicitFileType = wrapper.cfbundle; includeInIndex = 0; path = ClaftMacTests.xctest; sourceTree = BUILT_PRODUCTS_DIR; };
		E958E39227CC66F2001197A9 /* ClaftMacTests.swift */ = {isa = PBXFileReference; lastKnownFileType = sourcecode.swift; path = ClaftMacTests.swift; sourceTree = "<group>"; };
		E958E39827CC66F2001197A9 /* ClaftMacUITests.xctest */ = {isa = PBXFileReference; explicitFileType = wrapper.cfbundle; includeInIndex = 0; path = ClaftMacUITests.xctest; sourceTree = BUILT_PRODUCTS_DIR; };
		E958E39C27CC66F2001197A9 /* ClaftMacUITests.swift */ = {isa = PBXFileReference; lastKnownFileType = sourcecode.swift; path = ClaftMacUITests.swift; sourceTree = "<group>"; };
		E958E39E27CC66F2001197A9 /* ClaftMacUITestsLaunchTests.swift */ = {isa = PBXFileReference; lastKnownFileType = sourcecode.swift; path = ClaftMacUITestsLaunchTests.swift; sourceTree = "<group>"; };
		E958E3C527CC67E7001197A9 /* ContentView.swift */ = {isa = PBXFileReference; lastKnownFileType = sourcecode.swift; path = ContentView.swift; sourceTree = "<group>"; };
		E9BDD23727CFC2C300A171B5 /* OverView.swift */ = {isa = PBXFileReference; lastKnownFileType = sourcecode.swift; path = OverView.swift; sourceTree = "<group>"; };
		E9BDD23A27CFC33D00A171B5 /* NetworkSpeedDraw.swift */ = {isa = PBXFileReference; lastKnownFileType = sourcecode.swift; path = NetworkSpeedDraw.swift; sourceTree = "<group>"; };
		E9C99BBD27588E6A009EF515 /* ConfigModel.swift */ = {isa = PBXFileReference; lastKnownFileType = sourcecode.swift; path = ConfigModel.swift; sourceTree = "<group>"; };
		E9CA47AA27CCEF7F008640F9 /* LogView.swift */ = {isa = PBXFileReference; lastKnownFileType = sourcecode.swift; path = LogView.swift; sourceTree = "<group>"; };
		E9CA47AD27CDC8A8008640F9 /* ServerListView.swift */ = {isa = PBXFileReference; lastKnownFileType = sourcecode.swift; path = ServerListView.swift; sourceTree = "<group>"; };
		E9D29F8027CE6118002E5088 /* RuleView.swift */ = {isa = PBXFileReference; lastKnownFileType = sourcecode.swift; path = RuleView.swift; sourceTree = "<group>"; };
		E9D29F8327CE6137002E5088 /* RuleCardView.swift */ = {isa = PBXFileReference; lastKnownFileType = sourcecode.swift; path = RuleCardView.swift; sourceTree = "<group>"; };
		E9D29F8627CE614D002E5088 /* RuleModel.swift */ = {isa = PBXFileReference; lastKnownFileType = sourcecode.swift; path = RuleModel.swift; sourceTree = "<group>"; };
		E9D75DC72754C106008E20F0 /* claft.app */ = {isa = PBXFileReference; explicitFileType = wrapper.application; includeInIndex = 0; path = claft.app; sourceTree = BUILT_PRODUCTS_DIR; };
		E9D75DCA2754C106008E20F0 /* claftApp.swift */ = {isa = PBXFileReference; lastKnownFileType = sourcecode.swift; path = claftApp.swift; sourceTree = "<group>"; };
		E9D75DCC2754C106008E20F0 /* ContentView.swift */ = {isa = PBXFileReference; lastKnownFileType = sourcecode.swift; path = ContentView.swift; sourceTree = "<group>"; };
		E9D75DD12754C109008E20F0 /* Preview Assets.xcassets */ = {isa = PBXFileReference; lastKnownFileType = folder.assetcatalog; path = "Preview Assets.xcassets"; sourceTree = "<group>"; };
		E9D75DD72754C109008E20F0 /* claftTests.xctest */ = {isa = PBXFileReference; explicitFileType = wrapper.cfbundle; includeInIndex = 0; path = claftTests.xctest; sourceTree = BUILT_PRODUCTS_DIR; };
		E9D75DDB2754C109008E20F0 /* claftTests.swift */ = {isa = PBXFileReference; lastKnownFileType = sourcecode.swift; path = claftTests.swift; sourceTree = "<group>"; };
		E9D75DE12754C109008E20F0 /* claftUITests.xctest */ = {isa = PBXFileReference; explicitFileType = wrapper.cfbundle; includeInIndex = 0; path = claftUITests.xctest; sourceTree = BUILT_PRODUCTS_DIR; };
		E9D75DE52754C109008E20F0 /* claftUITests.swift */ = {isa = PBXFileReference; lastKnownFileType = sourcecode.swift; path = claftUITests.swift; sourceTree = "<group>"; };
		E9D75DE72754C109008E20F0 /* claftUITestsLaunchTests.swift */ = {isa = PBXFileReference; lastKnownFileType = sourcecode.swift; path = claftUITestsLaunchTests.swift; sourceTree = "<group>"; };
		E9D75DF42754CE26008E20F0 /* ProxiesView.swift */ = {isa = PBXFileReference; lastKnownFileType = sourcecode.swift; path = ProxiesView.swift; sourceTree = "<group>"; };
		E9D75DF62755CA62008E20F0 /* ServerCard.swift */ = {isa = PBXFileReference; lastKnownFileType = sourcecode.swift; path = ServerCard.swift; sourceTree = "<group>"; };
		E9E7D8B627C9F82100F3A1D2 /* ServerModel.swift */ = {isa = PBXFileReference; lastKnownFileType = sourcecode.swift; path = ServerModel.swift; sourceTree = "<group>"; };
		E9E7D8BA27CA3D6E00F3A1D2 /* SocketRocket.xcframework */ = {isa = PBXFileReference; lastKnownFileType = wrapper.xcframework; name = SocketRocket.xcframework; path = ../../github/tvos.mpv.player/contrib/cocoapods_xcframeworks/output/SocketRocket.xcframework; sourceTree = "<group>"; };
		E9E7D8BC27CA3DB800F3A1D2 /* WebSocket.swift */ = {isa = PBXFileReference; lastKnownFileType = sourcecode.swift; path = WebSocket.swift; sourceTree = "<group>"; };
		E9E7D8BE27CA4B6E00F3A1D2 /* WebSocketModel.swift */ = {isa = PBXFileReference; lastKnownFileType = sourcecode.swift; path = WebSocketModel.swift; sourceTree = "<group>"; };
		E9E7D8C027CA71A800F3A1D2 /* Assets.xcassets */ = {isa = PBXFileReference; lastKnownFileType = folder.assetcatalog; path = Assets.xcassets; sourceTree = "<group>"; };
		E9E7D8C427CA73FD00F3A1D2 /* claft.entitlements */ = {isa = PBXFileReference; lastKnownFileType = text.plist.entitlements; path = claft.entitlements; sourceTree = "<group>"; };
		E9E7D8CA27CB36D800F3A1D2 /* ConnectionsView.swift */ = {isa = PBXFileReference; lastKnownFileType = sourcecode.swift; path = ConnectionsView.swift; sourceTree = "<group>"; };
		E9E7D8CC27CB371200F3A1D2 /* ConnectionCardView.swift */ = {isa = PBXFileReference; lastKnownFileType = sourcecode.swift; path = ConnectionCardView.swift; sourceTree = "<group>"; };
		E9E7D8CE27CB477F00F3A1D2 /* connection.json */ = {isa = PBXFileReference; lastKnownFileType = text.json; path = connection.json; sourceTree = "<group>"; };
		E9EA0FE42760E0D800F9AAB4 /* config.json */ = {isa = PBXFileReference; lastKnownFileType = text.json; path = config.json; sourceTree = "<group>"; };
		E9EA0FE62760E46E00F9AAB4 /* LocalFileReader.swift */ = {isa = PBXFileReference; lastKnownFileType = sourcecode.swift; path = LocalFileReader.swift; sourceTree = "<group>"; };
		E9EA0FE92760E5CC00F9AAB4 /* Formater.swift */ = {isa = PBXFileReference; lastKnownFileType = sourcecode.swift; path = Formater.swift; sourceTree = "<group>"; };
		E9F83ED5275788350022B6BC /* ManageServerPanel.swift */ = {isa = PBXFileReference; lastKnownFileType = sourcecode.swift; path = ManageServerPanel.swift; sourceTree = "<group>"; };
		E9F83ED72757A2B60022B6BC /* CreateServer.swift */ = {isa = PBXFileReference; lastKnownFileType = sourcecode.swift; path = CreateServer.swift; sourceTree = "<group>"; };
/* End PBXFileReference section */

/* Begin PBXFrameworksBuildPhase section */
		E958E37B27CC66EF001197A9 /* Frameworks */ = {
			isa = PBXFrameworksBuildPhase;
			buildActionMask = 2147483647;
			files = (
				E958E3C227CC6792001197A9 /* SocketRocket.xcframework in Frameworks */,
			);
			runOnlyForDeploymentPostprocessing = 0;
		};
		E958E38B27CC66F2001197A9 /* Frameworks */ = {
			isa = PBXFrameworksBuildPhase;
			buildActionMask = 2147483647;
			files = (
			);
			runOnlyForDeploymentPostprocessing = 0;
		};
		E958E39527CC66F2001197A9 /* Frameworks */ = {
			isa = PBXFrameworksBuildPhase;
			buildActionMask = 2147483647;
			files = (
			);
			runOnlyForDeploymentPostprocessing = 0;
		};
		E9D75DC42754C106008E20F0 /* Frameworks */ = {
			isa = PBXFrameworksBuildPhase;
			buildActionMask = 2147483647;
			files = (
				E9E7D8C527CA740E00F3A1D2 /* SocketRocket.xcframework in Frameworks */,
			);
			runOnlyForDeploymentPostprocessing = 0;
		};
		E9D75DD42754C109008E20F0 /* Frameworks */ = {
			isa = PBXFrameworksBuildPhase;
			buildActionMask = 2147483647;
			files = (
			);
			runOnlyForDeploymentPostprocessing = 0;
		};
		E9D75DDE2754C109008E20F0 /* Frameworks */ = {
			isa = PBXFrameworksBuildPhase;
			buildActionMask = 2147483647;
			files = (
			);
			runOnlyForDeploymentPostprocessing = 0;
		};
/* End PBXFrameworksBuildPhase section */

/* Begin PBXGroup section */
		E90276C927D201F00010985B /* OverView */ = {
			isa = PBXGroup;
			children = (
				E9BDD23A27CFC33D00A171B5 /* NetworkSpeedDraw.swift */,
				E9BDD23727CFC2C300A171B5 /* OverView.swift */,
			);
			path = OverView;
			sourceTree = "<group>";
		};
		E90276CA27D201FE0010985B /* Proxies */ = {
			isa = PBXGroup;
			children = (
				E9D75DF42754CE26008E20F0 /* ProxiesView.swift */,
			);
			path = Proxies;
			sourceTree = "<group>";
		};
		E90276CB27D202090010985B /* Rules */ = {
			isa = PBXGroup;
			children = (
				E9D29F8327CE6137002E5088 /* RuleCardView.swift */,
				E9D29F8027CE6118002E5088 /* RuleView.swift */,
			);
			path = Rules;
			sourceTree = "<group>";
		};
		E90276CC27D2020F0010985B /* Connections */ = {
			isa = PBXGroup;
			children = (
				E958E37027CB9F37001197A9 /* BottomSheetView.swift */,
				E9E7D8CA27CB36D800F3A1D2 /* ConnectionsView.swift */,
				E9E7D8CC27CB371200F3A1D2 /* ConnectionCardView.swift */,
			);
			path = Connections;
			sourceTree = "<group>";
		};
		E90276CD27D202210010985B /* Config */ = {
			isa = PBXGroup;
			children = (
				E9258324275895B2002B0F49 /* ConfigView.swift */,
			);
			path = Config;
			sourceTree = "<group>";
		};
		E90276CE27D202270010985B /* Logs */ = {
			isa = PBXGroup;
			children = (
				E9CA47AA27CCEF7F008640F9 /* LogView.swift */,
			);
			path = Logs;
			sourceTree = "<group>";
		};
		E90276CF27D202330010985B /* Manage */ = {
			isa = PBXGroup;
			children = (
				E9D75DCC2754C106008E20F0 /* ContentView.swift */,
				E9CA47AD27CDC8A8008640F9 /* ServerListView.swift */,
				E9D75DF62755CA62008E20F0 /* ServerCard.swift */,
				E9F83ED5275788350022B6BC /* ManageServerPanel.swift */,
				E9F83ED72757A2B60022B6BC /* CreateServer.swift */,
				E935F3032759EF78001CD0BC /* SpecificCornerShape.swift */,
				E958E37827CBC09D001197A9 /* PlaceHoldView.swift */,
			);
			path = Manage;
			sourceTree = "<group>";
		};
		E925832027588FB5002B0F49 /* Tools */ = {
			isa = PBXGroup;
			children = (
				E9EA0FE92760E5CC00F9AAB4 /* Formater.swift */,
				E925832127588FC4002B0F49 /* NetWorkManager.swift */,
				E9EA0FE62760E46E00F9AAB4 /* LocalFileReader.swift */,
				E9E7D8BC27CA3DB800F3A1D2 /* WebSocket.swift */,
			);
			path = Tools;
			sourceTree = "<group>";
		};
		E92583232758957D002B0F49 /* Views */ = {
			isa = PBXGroup;
			children = (
				E90276CF27D202330010985B /* Manage */,
				E90276C927D201F00010985B /* OverView */,
				E90276CA27D201FE0010985B /* Proxies */,
				E90276CB27D202090010985B /* Rules */,
				E90276CC27D2020F0010985B /* Connections */,
				E90276CD27D202210010985B /* Config */,
				E90276CE27D202270010985B /* Logs */,
			);
			path = Views;
			sourceTree = "<group>";
		};
		E958E37F27CC66EF001197A9 /* ClaftMac */ = {
			isa = PBXGroup;
			children = (
				E958E38027CC66EF001197A9 /* ClaftMacApp.swift */,
				E958E3C527CC67E7001197A9 /* ContentView.swift */,
				E958E38427CC66F2001197A9 /* Assets.xcassets */,
				E958E38927CC66F2001197A9 /* ClaftMac.entitlements */,
				E958E38627CC66F2001197A9 /* Preview Content */,
			);
			path = ClaftMac;
			sourceTree = "<group>";
		};
		E958E38627CC66F2001197A9 /* Preview Content */ = {
			isa = PBXGroup;
			children = (
				E958E38727CC66F2001197A9 /* Preview Assets.xcassets */,
			);
			path = "Preview Content";
			sourceTree = "<group>";
		};
		E958E39127CC66F2001197A9 /* ClaftMacTests */ = {
			isa = PBXGroup;
			children = (
				E958E39227CC66F2001197A9 /* ClaftMacTests.swift */,
			);
			path = ClaftMacTests;
			sourceTree = "<group>";
		};
		E958E39B27CC66F2001197A9 /* ClaftMacUITests */ = {
			isa = PBXGroup;
			children = (
				E958E39C27CC66F2001197A9 /* ClaftMacUITests.swift */,
				E958E39E27CC66F2001197A9 /* ClaftMacUITestsLaunchTests.swift */,
			);
			path = ClaftMacUITests;
			sourceTree = "<group>";
		};
		E9C99BBC27588E3A009EF515 /* Model */ = {
			isa = PBXGroup;
			children = (
				E9C99BBD27588E6A009EF515 /* ConfigModel.swift */,
				E9E7D8B627C9F82100F3A1D2 /* ServerModel.swift */,
				E9E7D8BE27CA4B6E00F3A1D2 /* WebSocketModel.swift */,
				E958E37227CBA9C6001197A9 /* ConnectionOrderModel.swift */,
				E958E37627CBB43B001197A9 /* ProxyModel.swift */,
				E9D29F8627CE614D002E5088 /* RuleModel.swift */,
			);
			path = Model;
			sourceTree = "<group>";
		};
		E9D75DBE2754C106008E20F0 = {
			isa = PBXGroup;
			children = (
				E9D75DC92754C106008E20F0 /* claft */,
				E9D75DDA2754C109008E20F0 /* claftTests */,
				E9D75DE42754C109008E20F0 /* claftUITests */,
				E958E37F27CC66EF001197A9 /* ClaftMac */,
				E958E39127CC66F2001197A9 /* ClaftMacTests */,
				E958E39B27CC66F2001197A9 /* ClaftMacUITests */,
				E9D75DC82754C106008E20F0 /* Products */,
				E9E7D8B927CA3D6E00F3A1D2 /* Frameworks */,
			);
			sourceTree = "<group>";
		};
		E9D75DC82754C106008E20F0 /* Products */ = {
			isa = PBXGroup;
			children = (
				E9D75DC72754C106008E20F0 /* claft.app */,
				E9D75DD72754C109008E20F0 /* claftTests.xctest */,
				E9D75DE12754C109008E20F0 /* claftUITests.xctest */,
				E958E37E27CC66EF001197A9 /* ClaftMac.app */,
				E958E38E27CC66F2001197A9 /* ClaftMacTests.xctest */,
				E958E39827CC66F2001197A9 /* ClaftMacUITests.xctest */,
			);
			name = Products;
			sourceTree = "<group>";
		};
		E9D75DC92754C106008E20F0 /* claft */ = {
			isa = PBXGroup;
			children = (
				E9E7D8C427CA73FD00F3A1D2 /* claft.entitlements */,
				E92583232758957D002B0F49 /* Views */,
				E925832027588FB5002B0F49 /* Tools */,
				E9C99BBC27588E3A009EF515 /* Model */,
				E9D75DCA2754C106008E20F0 /* claftApp.swift */,
				E9E7D8C027CA71A800F3A1D2 /* Assets.xcassets */,
				E9D75DD02754C109008E20F0 /* Preview Content */,
			);
			path = claft;
			sourceTree = "<group>";
		};
		E9D75DD02754C109008E20F0 /* Preview Content */ = {
			isa = PBXGroup;
			children = (
				E9EA0FE42760E0D800F9AAB4 /* config.json */,
				E9D75DD12754C109008E20F0 /* Preview Assets.xcassets */,
				E958E37427CBB290001197A9 /* proxies.json */,
				E9E7D8CE27CB477F00F3A1D2 /* connection.json */,
			);
			path = "Preview Content";
			sourceTree = "<group>";
		};
		E9D75DDA2754C109008E20F0 /* claftTests */ = {
			isa = PBXGroup;
			children = (
				E9D75DDB2754C109008E20F0 /* claftTests.swift */,
			);
			path = claftTests;
			sourceTree = "<group>";
		};
		E9D75DE42754C109008E20F0 /* claftUITests */ = {
			isa = PBXGroup;
			children = (
				E9D75DE52754C109008E20F0 /* claftUITests.swift */,
				E9D75DE72754C109008E20F0 /* claftUITestsLaunchTests.swift */,
			);
			path = claftUITests;
			sourceTree = "<group>";
		};
		E9E7D8B927CA3D6E00F3A1D2 /* Frameworks */ = {
			isa = PBXGroup;
			children = (
				E9E7D8BA27CA3D6E00F3A1D2 /* SocketRocket.xcframework */,
			);
			name = Frameworks;
			sourceTree = "<group>";
		};
/* End PBXGroup section */

/* Begin PBXNativeTarget section */
		E958E37D27CC66EF001197A9 /* ClaftMac */ = {
			isa = PBXNativeTarget;
			buildConfigurationList = E958E3A027CC66F2001197A9 /* Build configuration list for PBXNativeTarget "ClaftMac" */;
			buildPhases = (
				E958E37A27CC66EF001197A9 /* Sources */,
				E958E37B27CC66EF001197A9 /* Frameworks */,
				E958E37C27CC66EF001197A9 /* Resources */,
				E958E3C427CC6792001197A9 /* Embed Frameworks */,
			);
			buildRules = (
			);
			dependencies = (
			);
			name = ClaftMac;
			productName = ClaftMac;
			productReference = E958E37E27CC66EF001197A9 /* ClaftMac.app */;
			productType = "com.apple.product-type.application";
		};
		E958E38D27CC66F2001197A9 /* ClaftMacTests */ = {
			isa = PBXNativeTarget;
			buildConfigurationList = E958E3A327CC66F2001197A9 /* Build configuration list for PBXNativeTarget "ClaftMacTests" */;
			buildPhases = (
				E958E38A27CC66F2001197A9 /* Sources */,
				E958E38B27CC66F2001197A9 /* Frameworks */,
				E958E38C27CC66F2001197A9 /* Resources */,
			);
			buildRules = (
			);
			dependencies = (
				E958E39027CC66F2001197A9 /* PBXTargetDependency */,
			);
			name = ClaftMacTests;
			productName = ClaftMacTests;
			productReference = E958E38E27CC66F2001197A9 /* ClaftMacTests.xctest */;
			productType = "com.apple.product-type.bundle.unit-test";
		};
		E958E39727CC66F2001197A9 /* ClaftMacUITests */ = {
			isa = PBXNativeTarget;
			buildConfigurationList = E958E3A627CC66F2001197A9 /* Build configuration list for PBXNativeTarget "ClaftMacUITests" */;
			buildPhases = (
				E958E39427CC66F2001197A9 /* Sources */,
				E958E39527CC66F2001197A9 /* Frameworks */,
				E958E39627CC66F2001197A9 /* Resources */,
			);
			buildRules = (
			);
			dependencies = (
				E958E39A27CC66F2001197A9 /* PBXTargetDependency */,
			);
			name = ClaftMacUITests;
			productName = ClaftMacUITests;
			productReference = E958E39827CC66F2001197A9 /* ClaftMacUITests.xctest */;
			productType = "com.apple.product-type.bundle.ui-testing";
		};
		E9D75DC62754C106008E20F0 /* claft */ = {
			isa = PBXNativeTarget;
			buildConfigurationList = E9D75DEB2754C109008E20F0 /* Build configuration list for PBXNativeTarget "claft" */;
			buildPhases = (
				E9D75DC32754C106008E20F0 /* Sources */,
				E9D75DC42754C106008E20F0 /* Frameworks */,
				E9D75DC52754C106008E20F0 /* Resources */,
				E9E7D8C727CA740E00F3A1D2 /* Embed Frameworks */,
			);
			buildRules = (
			);
			dependencies = (
			);
			name = claft;
			productName = claft;
			productReference = E9D75DC72754C106008E20F0 /* claft.app */;
			productType = "com.apple.product-type.application";
		};
		E9D75DD62754C109008E20F0 /* claftTests */ = {
			isa = PBXNativeTarget;
			buildConfigurationList = E9D75DEE2754C109008E20F0 /* Build configuration list for PBXNativeTarget "claftTests" */;
			buildPhases = (
				E9D75DD32754C109008E20F0 /* Sources */,
				E9D75DD42754C109008E20F0 /* Frameworks */,
				E9D75DD52754C109008E20F0 /* Resources */,
			);
			buildRules = (
			);
			dependencies = (
				E9D75DD92754C109008E20F0 /* PBXTargetDependency */,
			);
			name = claftTests;
			productName = claftTests;
			productReference = E9D75DD72754C109008E20F0 /* claftTests.xctest */;
			productType = "com.apple.product-type.bundle.unit-test";
		};
		E9D75DE02754C109008E20F0 /* claftUITests */ = {
			isa = PBXNativeTarget;
			buildConfigurationList = E9D75DF12754C109008E20F0 /* Build configuration list for PBXNativeTarget "claftUITests" */;
			buildPhases = (
				E9D75DDD2754C109008E20F0 /* Sources */,
				E9D75DDE2754C109008E20F0 /* Frameworks */,
				E9D75DDF2754C109008E20F0 /* Resources */,
			);
			buildRules = (
			);
			dependencies = (
				E9D75DE32754C109008E20F0 /* PBXTargetDependency */,
			);
			name = claftUITests;
			productName = claftUITests;
			productReference = E9D75DE12754C109008E20F0 /* claftUITests.xctest */;
			productType = "com.apple.product-type.bundle.ui-testing";
		};
/* End PBXNativeTarget section */

/* Begin PBXProject section */
		E9D75DBF2754C106008E20F0 /* Project object */ = {
			isa = PBXProject;
			attributes = {
				BuildIndependentTargetsInParallel = 1;
				LastSwiftUpdateCheck = 1320;
				LastUpgradeCheck = 1310;
				TargetAttributes = {
					E958E37D27CC66EF001197A9 = {
						CreatedOnToolsVersion = 13.2;
					};
					E958E38D27CC66F2001197A9 = {
						CreatedOnToolsVersion = 13.2;
						TestTargetID = E958E37D27CC66EF001197A9;
					};
					E958E39727CC66F2001197A9 = {
						CreatedOnToolsVersion = 13.2;
						TestTargetID = E958E37D27CC66EF001197A9;
					};
					E9D75DC62754C106008E20F0 = {
						CreatedOnToolsVersion = 13.1;
					};
					E9D75DD62754C109008E20F0 = {
						CreatedOnToolsVersion = 13.1;
						TestTargetID = E9D75DC62754C106008E20F0;
					};
					E9D75DE02754C109008E20F0 = {
						CreatedOnToolsVersion = 13.1;
						TestTargetID = E9D75DC62754C106008E20F0;
					};
				};
			};
			buildConfigurationList = E9D75DC22754C106008E20F0 /* Build configuration list for PBXProject "claft" */;
			compatibilityVersion = "Xcode 13.0";
			developmentRegion = en;
			hasScannedForEncodings = 0;
			knownRegions = (
				en,
				Base,
			);
			mainGroup = E9D75DBE2754C106008E20F0;
			productRefGroup = E9D75DC82754C106008E20F0 /* Products */;
			projectDirPath = "";
			projectRoot = "";
			targets = (
				E9D75DC62754C106008E20F0 /* claft */,
				E9D75DD62754C109008E20F0 /* claftTests */,
				E9D75DE02754C109008E20F0 /* claftUITests */,
				E958E37D27CC66EF001197A9 /* ClaftMac */,
				E958E38D27CC66F2001197A9 /* ClaftMacTests */,
				E958E39727CC66F2001197A9 /* ClaftMacUITests */,
			);
		};
/* End PBXProject section */

/* Begin PBXResourcesBuildPhase section */
		E958E37C27CC66EF001197A9 /* Resources */ = {
			isa = PBXResourcesBuildPhase;
			buildActionMask = 2147483647;
			files = (
				E958E3C127CC6760001197A9 /* connection.json in Resources */,
				E958E38827CC66F2001197A9 /* Preview Assets.xcassets in Resources */,
				E958E38527CC66F2001197A9 /* Assets.xcassets in Resources */,
				E958E3C027CC6760001197A9 /* proxies.json in Resources */,
				E958E3BF27CC6760001197A9 /* config.json in Resources */,
			);
			runOnlyForDeploymentPostprocessing = 0;
		};
		E958E38C27CC66F2001197A9 /* Resources */ = {
			isa = PBXResourcesBuildPhase;
			buildActionMask = 2147483647;
			files = (
			);
			runOnlyForDeploymentPostprocessing = 0;
		};
		E958E39627CC66F2001197A9 /* Resources */ = {
			isa = PBXResourcesBuildPhase;
			buildActionMask = 2147483647;
			files = (
			);
			runOnlyForDeploymentPostprocessing = 0;
		};
		E9D75DC52754C106008E20F0 /* Resources */ = {
			isa = PBXResourcesBuildPhase;
			buildActionMask = 2147483647;
			files = (
				E9D75DD22754C109008E20F0 /* Preview Assets.xcassets in Resources */,
				E958E37527CBB290001197A9 /* proxies.json in Resources */,
				E9E7D8C127CA71A800F3A1D2 /* Assets.xcassets in Resources */,
				E9EA0FE52760E0D800F9AAB4 /* config.json in Resources */,
				E9E7D8CF27CB477F00F3A1D2 /* connection.json in Resources */,
			);
			runOnlyForDeploymentPostprocessing = 0;
		};
		E9D75DD52754C109008E20F0 /* Resources */ = {
			isa = PBXResourcesBuildPhase;
			buildActionMask = 2147483647;
			files = (
			);
			runOnlyForDeploymentPostprocessing = 0;
		};
		E9D75DDF2754C109008E20F0 /* Resources */ = {
			isa = PBXResourcesBuildPhase;
			buildActionMask = 2147483647;
			files = (
			);
			runOnlyForDeploymentPostprocessing = 0;
		};
/* End PBXResourcesBuildPhase section */

/* Begin PBXSourcesBuildPhase section */
		E958E37A27CC66EF001197A9 /* Sources */ = {
			isa = PBXSourcesBuildPhase;
			buildActionMask = 2147483647;
			files = (
				E958E3AC27CC674C001197A9 /* ConfigView.swift in Sources */,
				E9BDD23927CFC2C300A171B5 /* OverView.swift in Sources */,
				E9BDD23C27CFC33D00A171B5 /* NetworkSpeedDraw.swift in Sources */,
				E958E3BC27CC6754001197A9 /* ConfigModel.swift in Sources */,
				E958E3AD27CC674C001197A9 /* ConnectionCardView.swift in Sources */,
				E958E3AA27CC6742001197A9 /* ServerCard.swift in Sources */,
				E958E3B727CC6750001197A9 /* WebSocket.swift in Sources */,
				E9CA47AF27CDC8A8008640F9 /* ServerListView.swift in Sources */,
				E958E3AF27CC674C001197A9 /* SpecificCornerShape.swift in Sources */,
				E958E3BD27CC6754001197A9 /* WebSocketModel.swift in Sources */,
				E958E3B427CC6750001197A9 /* NetWorkManager.swift in Sources */,
				E958E3B527CC6750001197A9 /* Formater.swift in Sources */,
				E958E38127CC66EF001197A9 /* ClaftMacApp.swift in Sources */,
				E958E3B227CC674C001197A9 /* ManageServerPanel.swift in Sources */,
				E958E3B127CC674C001197A9 /* ConnectionsView.swift in Sources */,
				E958E3BB27CC6754001197A9 /* ProxyModel.swift in Sources */,
				E958E3BA27CC6754001197A9 /* ServerModel.swift in Sources */,
				E9D29F8827CE614D002E5088 /* RuleModel.swift in Sources */,
				E9CA47AC27CCEF7F008640F9 /* LogView.swift in Sources */,
				E958E3B927CC6754001197A9 /* ConnectionOrderModel.swift in Sources */,
				E958E3B327CC674C001197A9 /* BottomSheetView.swift in Sources */,
				E958E3C727CC6CE6001197A9 /* ContentView.swift in Sources */,
				E958E3B027CC674C001197A9 /* CreateServer.swift in Sources */,
				E958E3AE27CC674C001197A9 /* PlaceHoldView.swift in Sources */,
				E9D29F8527CE6137002E5088 /* RuleCardView.swift in Sources */,
				E958E3AB27CC6748001197A9 /* ProxiesView.swift in Sources */,
				E958E3B627CC6750001197A9 /* LocalFileReader.swift in Sources */,
				E9D29F8227CE6118002E5088 /* RuleView.swift in Sources */,
			);
			runOnlyForDeploymentPostprocessing = 0;
		};
		E958E38A27CC66F2001197A9 /* Sources */ = {
			isa = PBXSourcesBuildPhase;
			buildActionMask = 2147483647;
			files = (
				E958E39327CC66F2001197A9 /* ClaftMacTests.swift in Sources */,
			);
			runOnlyForDeploymentPostprocessing = 0;
		};
		E958E39427CC66F2001197A9 /* Sources */ = {
			isa = PBXSourcesBuildPhase;
			buildActionMask = 2147483647;
			files = (
				E958E39F27CC66F2001197A9 /* ClaftMacUITestsLaunchTests.swift in Sources */,
				E958E39D27CC66F2001197A9 /* ClaftMacUITests.swift in Sources */,
			);
			runOnlyForDeploymentPostprocessing = 0;
		};
		E9D75DC32754C106008E20F0 /* Sources */ = {
			isa = PBXSourcesBuildPhase;
			buildActionMask = 2147483647;
			files = (
				E935F3042759EF78001CD0BC /* SpecificCornerShape.swift in Sources */,
				E9BDD23827CFC2C300A171B5 /* OverView.swift in Sources */,
				E9BDD23B27CFC33D00A171B5 /* NetworkSpeedDraw.swift in Sources */,
				E9D75DF72755CA62008E20F0 /* ServerCard.swift in Sources */,
				E9E7D8BF27CA4B6E00F3A1D2 /* WebSocketModel.swift in Sources */,
				E9D75DCD2754C106008E20F0 /* ContentView.swift in Sources */,
				E9F83ED82757A2B60022B6BC /* CreateServer.swift in Sources */,
				E9CA47AE27CDC8A8008640F9 /* ServerListView.swift in Sources */,
				E9258325275895B2002B0F49 /* ConfigView.swift in Sources */,
				E9EA0FEA2760E5CC00F9AAB4 /* Formater.swift in Sources */,
				E9E7D8B727C9F82100F3A1D2 /* ServerModel.swift in Sources */,
				E958E37927CBC09D001197A9 /* PlaceHoldView.swift in Sources */,
				E9C99BBE27588E6A009EF515 /* ConfigModel.swift in Sources */,
				E958E37127CB9F37001197A9 /* BottomSheetView.swift in Sources */,
				E9E7D8CD27CB371200F3A1D2 /* ConnectionCardView.swift in Sources */,
				E958E37727CBB43B001197A9 /* ProxyModel.swift in Sources */,
				E925832227588FC4002B0F49 /* NetWorkManager.swift in Sources */,
				E9D29F8727CE614D002E5088 /* RuleModel.swift in Sources */,
				E9CA47AB27CCEF7F008640F9 /* LogView.swift in Sources */,
				E9E7D8CB27CB36D800F3A1D2 /* ConnectionsView.swift in Sources */,
				E958E37327CBA9C6001197A9 /* ConnectionOrderModel.swift in Sources */,
				E9EA0FE72760E46E00F9AAB4 /* LocalFileReader.swift in Sources */,
				E9D75DCB2754C106008E20F0 /* claftApp.swift in Sources */,
				E9D75DF52754CE26008E20F0 /* ProxiesView.swift in Sources */,
				E9D29F8427CE6137002E5088 /* RuleCardView.swift in Sources */,
				E9F83ED6275788350022B6BC /* ManageServerPanel.swift in Sources */,
				E9E7D8BD27CA3DB800F3A1D2 /* WebSocket.swift in Sources */,
				E9D29F8127CE6118002E5088 /* RuleView.swift in Sources */,
			);
			runOnlyForDeploymentPostprocessing = 0;
		};
		E9D75DD32754C109008E20F0 /* Sources */ = {
			isa = PBXSourcesBuildPhase;
			buildActionMask = 2147483647;
			files = (
				E9D75DDC2754C109008E20F0 /* claftTests.swift in Sources */,
			);
			runOnlyForDeploymentPostprocessing = 0;
		};
		E9D75DDD2754C109008E20F0 /* Sources */ = {
			isa = PBXSourcesBuildPhase;
			buildActionMask = 2147483647;
			files = (
				E9D75DE62754C109008E20F0 /* claftUITests.swift in Sources */,
				E9D75DE82754C109008E20F0 /* claftUITestsLaunchTests.swift in Sources */,
			);
			runOnlyForDeploymentPostprocessing = 0;
		};
/* End PBXSourcesBuildPhase section */

/* Begin PBXTargetDependency section */
		E958E39027CC66F2001197A9 /* PBXTargetDependency */ = {
			isa = PBXTargetDependency;
			target = E958E37D27CC66EF001197A9 /* ClaftMac */;
			targetProxy = E958E38F27CC66F2001197A9 /* PBXContainerItemProxy */;
		};
		E958E39A27CC66F2001197A9 /* PBXTargetDependency */ = {
			isa = PBXTargetDependency;
			target = E958E37D27CC66EF001197A9 /* ClaftMac */;
			targetProxy = E958E39927CC66F2001197A9 /* PBXContainerItemProxy */;
		};
		E9D75DD92754C109008E20F0 /* PBXTargetDependency */ = {
			isa = PBXTargetDependency;
			target = E9D75DC62754C106008E20F0 /* claft */;
			targetProxy = E9D75DD82754C109008E20F0 /* PBXContainerItemProxy */;
		};
		E9D75DE32754C109008E20F0 /* PBXTargetDependency */ = {
			isa = PBXTargetDependency;
			target = E9D75DC62754C106008E20F0 /* claft */;
			targetProxy = E9D75DE22754C109008E20F0 /* PBXContainerItemProxy */;
		};
/* End PBXTargetDependency section */

/* Begin XCBuildConfiguration section */
		E958E3A127CC66F2001197A9 /* Debug */ = {
			isa = XCBuildConfiguration;
			buildSettings = {
				ASSETCATALOG_COMPILER_APPICON_NAME = AppIcon;
				ASSETCATALOG_COMPILER_GLOBAL_ACCENT_COLOR_NAME = AccentColor;
				CODE_SIGN_ENTITLEMENTS = ClaftMac/ClaftMac.entitlements;
				CODE_SIGN_IDENTITY = "Apple Development";
				CODE_SIGN_STYLE = Automatic;
				COMBINE_HIDPI_IMAGES = YES;
				CURRENT_PROJECT_VERSION = 1;
				DEVELOPMENT_ASSET_PATHS = "\"ClaftMac/Preview Content\"";
				DEVELOPMENT_TEAM = SGZE33W2XX;
				ENABLE_PREVIEWS = YES;
				GENERATE_INFOPLIST_FILE = YES;
				INFOPLIST_KEY_NSHumanReadableCopyright = "";
				LD_RUNPATH_SEARCH_PATHS = (
					"$(inherited)",
					"@executable_path/../Frameworks",
				);
				MACOSX_DEPLOYMENT_TARGET = 12.1;
				MARKETING_VERSION = 1.0;
				PRODUCT_BUNDLE_IDENTIFIER = qiudaomao.ClaftMac;
				PRODUCT_NAME = "$(TARGET_NAME)";
				SDKROOT = macosx;
				SWIFT_EMIT_LOC_STRINGS = YES;
				SWIFT_VERSION = 5.0;
			};
			name = Debug;
		};
		E958E3A227CC66F2001197A9 /* Release */ = {
			isa = XCBuildConfiguration;
			buildSettings = {
				ASSETCATALOG_COMPILER_APPICON_NAME = AppIcon;
				ASSETCATALOG_COMPILER_GLOBAL_ACCENT_COLOR_NAME = AccentColor;
				CODE_SIGN_ENTITLEMENTS = ClaftMac/ClaftMac.entitlements;
				CODE_SIGN_IDENTITY = "Apple Development";
				CODE_SIGN_STYLE = Automatic;
				COMBINE_HIDPI_IMAGES = YES;
				CURRENT_PROJECT_VERSION = 1;
				DEVELOPMENT_ASSET_PATHS = "\"ClaftMac/Preview Content\"";
				DEVELOPMENT_TEAM = SGZE33W2XX;
				ENABLE_PREVIEWS = YES;
				GENERATE_INFOPLIST_FILE = YES;
				INFOPLIST_KEY_NSHumanReadableCopyright = "";
				LD_RUNPATH_SEARCH_PATHS = (
					"$(inherited)",
					"@executable_path/../Frameworks",
				);
				MACOSX_DEPLOYMENT_TARGET = 12.1;
				MARKETING_VERSION = 1.0;
				PRODUCT_BUNDLE_IDENTIFIER = qiudaomao.ClaftMac;
				PRODUCT_NAME = "$(TARGET_NAME)";
				SDKROOT = macosx;
				SWIFT_EMIT_LOC_STRINGS = YES;
				SWIFT_VERSION = 5.0;
			};
			name = Release;
		};
		E958E3A427CC66F2001197A9 /* Debug */ = {
			isa = XCBuildConfiguration;
			buildSettings = {
				ALWAYS_EMBED_SWIFT_STANDARD_LIBRARIES = YES;
				BUNDLE_LOADER = "$(TEST_HOST)";
				CODE_SIGN_STYLE = Automatic;
				CURRENT_PROJECT_VERSION = 1;
				GENERATE_INFOPLIST_FILE = YES;
				MACOSX_DEPLOYMENT_TARGET = 12.1;
				MARKETING_VERSION = 1.0;
				PRODUCT_BUNDLE_IDENTIFIER = qiudaomao.ClaftMacTests;
				PRODUCT_NAME = "$(TARGET_NAME)";
				SDKROOT = macosx;
				SWIFT_EMIT_LOC_STRINGS = NO;
				SWIFT_VERSION = 5.0;
				TEST_HOST = "$(BUILT_PRODUCTS_DIR)/ClaftMac.app/Contents/MacOS/ClaftMac";
			};
			name = Debug;
		};
		E958E3A527CC66F2001197A9 /* Release */ = {
			isa = XCBuildConfiguration;
			buildSettings = {
				ALWAYS_EMBED_SWIFT_STANDARD_LIBRARIES = YES;
				BUNDLE_LOADER = "$(TEST_HOST)";
				CODE_SIGN_STYLE = Automatic;
				CURRENT_PROJECT_VERSION = 1;
				GENERATE_INFOPLIST_FILE = YES;
				MACOSX_DEPLOYMENT_TARGET = 12.1;
				MARKETING_VERSION = 1.0;
				PRODUCT_BUNDLE_IDENTIFIER = qiudaomao.ClaftMacTests;
				PRODUCT_NAME = "$(TARGET_NAME)";
				SDKROOT = macosx;
				SWIFT_EMIT_LOC_STRINGS = NO;
				SWIFT_VERSION = 5.0;
				TEST_HOST = "$(BUILT_PRODUCTS_DIR)/ClaftMac.app/Contents/MacOS/ClaftMac";
			};
			name = Release;
		};
		E958E3A727CC66F2001197A9 /* Debug */ = {
			isa = XCBuildConfiguration;
			buildSettings = {
				ALWAYS_EMBED_SWIFT_STANDARD_LIBRARIES = YES;
				CODE_SIGN_STYLE = Automatic;
				CURRENT_PROJECT_VERSION = 1;
				GENERATE_INFOPLIST_FILE = YES;
				MACOSX_DEPLOYMENT_TARGET = 12.1;
				MARKETING_VERSION = 1.0;
				PRODUCT_BUNDLE_IDENTIFIER = qiudaomao.ClaftMacUITests;
				PRODUCT_NAME = "$(TARGET_NAME)";
				SDKROOT = macosx;
				SWIFT_EMIT_LOC_STRINGS = NO;
				SWIFT_VERSION = 5.0;
				TEST_TARGET_NAME = ClaftMac;
			};
			name = Debug;
		};
		E958E3A827CC66F2001197A9 /* Release */ = {
			isa = XCBuildConfiguration;
			buildSettings = {
				ALWAYS_EMBED_SWIFT_STANDARD_LIBRARIES = YES;
				CODE_SIGN_STYLE = Automatic;
				CURRENT_PROJECT_VERSION = 1;
				GENERATE_INFOPLIST_FILE = YES;
				MACOSX_DEPLOYMENT_TARGET = 12.1;
				MARKETING_VERSION = 1.0;
				PRODUCT_BUNDLE_IDENTIFIER = qiudaomao.ClaftMacUITests;
				PRODUCT_NAME = "$(TARGET_NAME)";
				SDKROOT = macosx;
				SWIFT_EMIT_LOC_STRINGS = NO;
				SWIFT_VERSION = 5.0;
				TEST_TARGET_NAME = ClaftMac;
			};
			name = Release;
		};
		E9D75DE92754C109008E20F0 /* Debug */ = {
			isa = XCBuildConfiguration;
			buildSettings = {
				ALWAYS_SEARCH_USER_PATHS = NO;
				CLANG_ANALYZER_NONNULL = YES;
				CLANG_ANALYZER_NUMBER_OBJECT_CONVERSION = YES_AGGRESSIVE;
				CLANG_CXX_LANGUAGE_STANDARD = "gnu++17";
				CLANG_CXX_LIBRARY = "libc++";
				CLANG_ENABLE_MODULES = YES;
				CLANG_ENABLE_OBJC_ARC = YES;
				CLANG_ENABLE_OBJC_WEAK = YES;
				CLANG_WARN_BLOCK_CAPTURE_AUTORELEASING = YES;
				CLANG_WARN_BOOL_CONVERSION = YES;
				CLANG_WARN_COMMA = YES;
				CLANG_WARN_CONSTANT_CONVERSION = YES;
				CLANG_WARN_DEPRECATED_OBJC_IMPLEMENTATIONS = YES;
				CLANG_WARN_DIRECT_OBJC_ISA_USAGE = YES_ERROR;
				CLANG_WARN_DOCUMENTATION_COMMENTS = YES;
				CLANG_WARN_EMPTY_BODY = YES;
				CLANG_WARN_ENUM_CONVERSION = YES;
				CLANG_WARN_INFINITE_RECURSION = YES;
				CLANG_WARN_INT_CONVERSION = YES;
				CLANG_WARN_NON_LITERAL_NULL_CONVERSION = YES;
				CLANG_WARN_OBJC_IMPLICIT_RETAIN_SELF = YES;
				CLANG_WARN_OBJC_LITERAL_CONVERSION = YES;
				CLANG_WARN_OBJC_ROOT_CLASS = YES_ERROR;
				CLANG_WARN_QUOTED_INCLUDE_IN_FRAMEWORK_HEADER = YES;
				CLANG_WARN_RANGE_LOOP_ANALYSIS = YES;
				CLANG_WARN_STRICT_PROTOTYPES = YES;
				CLANG_WARN_SUSPICIOUS_MOVE = YES;
				CLANG_WARN_UNGUARDED_AVAILABILITY = YES_AGGRESSIVE;
				CLANG_WARN_UNREACHABLE_CODE = YES;
				CLANG_WARN__DUPLICATE_METHOD_MATCH = YES;
				COPY_PHASE_STRIP = NO;
				DEBUG_INFORMATION_FORMAT = dwarf;
				ENABLE_STRICT_OBJC_MSGSEND = YES;
				ENABLE_TESTABILITY = YES;
				GCC_C_LANGUAGE_STANDARD = gnu11;
				GCC_DYNAMIC_NO_PIC = NO;
				GCC_NO_COMMON_BLOCKS = YES;
				GCC_OPTIMIZATION_LEVEL = 0;
				GCC_PREPROCESSOR_DEFINITIONS = (
					"DEBUG=1",
					"$(inherited)",
				);
				GCC_WARN_64_TO_32_BIT_CONVERSION = YES;
				GCC_WARN_ABOUT_RETURN_TYPE = YES_ERROR;
				GCC_WARN_UNDECLARED_SELECTOR = YES;
				GCC_WARN_UNINITIALIZED_AUTOS = YES_AGGRESSIVE;
				GCC_WARN_UNUSED_FUNCTION = YES;
				GCC_WARN_UNUSED_VARIABLE = YES;
				IPHONEOS_DEPLOYMENT_TARGET = 15.0;
				MTL_ENABLE_DEBUG_INFO = INCLUDE_SOURCE;
				MTL_FAST_MATH = YES;
				ONLY_ACTIVE_ARCH = YES;
				SDKROOT = iphoneos;
				SWIFT_ACTIVE_COMPILATION_CONDITIONS = DEBUG;
				SWIFT_OPTIMIZATION_LEVEL = "-Onone";
			};
			name = Debug;
		};
		E9D75DEA2754C109008E20F0 /* Release */ = {
			isa = XCBuildConfiguration;
			buildSettings = {
				ALWAYS_SEARCH_USER_PATHS = NO;
				CLANG_ANALYZER_NONNULL = YES;
				CLANG_ANALYZER_NUMBER_OBJECT_CONVERSION = YES_AGGRESSIVE;
				CLANG_CXX_LANGUAGE_STANDARD = "gnu++17";
				CLANG_CXX_LIBRARY = "libc++";
				CLANG_ENABLE_MODULES = YES;
				CLANG_ENABLE_OBJC_ARC = YES;
				CLANG_ENABLE_OBJC_WEAK = YES;
				CLANG_WARN_BLOCK_CAPTURE_AUTORELEASING = YES;
				CLANG_WARN_BOOL_CONVERSION = YES;
				CLANG_WARN_COMMA = YES;
				CLANG_WARN_CONSTANT_CONVERSION = YES;
				CLANG_WARN_DEPRECATED_OBJC_IMPLEMENTATIONS = YES;
				CLANG_WARN_DIRECT_OBJC_ISA_USAGE = YES_ERROR;
				CLANG_WARN_DOCUMENTATION_COMMENTS = YES;
				CLANG_WARN_EMPTY_BODY = YES;
				CLANG_WARN_ENUM_CONVERSION = YES;
				CLANG_WARN_INFINITE_RECURSION = YES;
				CLANG_WARN_INT_CONVERSION = YES;
				CLANG_WARN_NON_LITERAL_NULL_CONVERSION = YES;
				CLANG_WARN_OBJC_IMPLICIT_RETAIN_SELF = YES;
				CLANG_WARN_OBJC_LITERAL_CONVERSION = YES;
				CLANG_WARN_OBJC_ROOT_CLASS = YES_ERROR;
				CLANG_WARN_QUOTED_INCLUDE_IN_FRAMEWORK_HEADER = YES;
				CLANG_WARN_RANGE_LOOP_ANALYSIS = YES;
				CLANG_WARN_STRICT_PROTOTYPES = YES;
				CLANG_WARN_SUSPICIOUS_MOVE = YES;
				CLANG_WARN_UNGUARDED_AVAILABILITY = YES_AGGRESSIVE;
				CLANG_WARN_UNREACHABLE_CODE = YES;
				CLANG_WARN__DUPLICATE_METHOD_MATCH = YES;
				COPY_PHASE_STRIP = NO;
				DEBUG_INFORMATION_FORMAT = "dwarf-with-dsym";
				ENABLE_NS_ASSERTIONS = NO;
				ENABLE_STRICT_OBJC_MSGSEND = YES;
				GCC_C_LANGUAGE_STANDARD = gnu11;
				GCC_NO_COMMON_BLOCKS = YES;
				GCC_WARN_64_TO_32_BIT_CONVERSION = YES;
				GCC_WARN_ABOUT_RETURN_TYPE = YES_ERROR;
				GCC_WARN_UNDECLARED_SELECTOR = YES;
				GCC_WARN_UNINITIALIZED_AUTOS = YES_AGGRESSIVE;
				GCC_WARN_UNUSED_FUNCTION = YES;
				GCC_WARN_UNUSED_VARIABLE = YES;
				IPHONEOS_DEPLOYMENT_TARGET = 15.0;
				MTL_ENABLE_DEBUG_INFO = NO;
				MTL_FAST_MATH = YES;
				SDKROOT = iphoneos;
				SWIFT_COMPILATION_MODE = wholemodule;
				SWIFT_OPTIMIZATION_LEVEL = "-O";
				VALIDATE_PRODUCT = YES;
			};
			name = Release;
		};
		E9D75DEC2754C109008E20F0 /* Debug */ = {
			isa = XCBuildConfiguration;
			buildSettings = {
				ASSETCATALOG_COMPILER_APPICON_NAME = AppIcon;
				ASSETCATALOG_COMPILER_GLOBAL_ACCENT_COLOR_NAME = AccentColor;
				CODE_SIGN_ENTITLEMENTS = claft/claft.entitlements;
				CODE_SIGN_STYLE = Automatic;
				CURRENT_PROJECT_VERSION = 1;
				DEVELOPMENT_ASSET_PATHS = "\"claft/Preview Content\"";
				DEVELOPMENT_TEAM = SGZE33W2XX;
				ENABLE_PREVIEWS = YES;
				GENERATE_INFOPLIST_FILE = YES;
				INFOPLIST_KEY_UIApplicationSceneManifest_Generation = YES;
				INFOPLIST_KEY_UIApplicationSupportsIndirectInputEvents = YES;
				INFOPLIST_KEY_UILaunchScreen_Generation = YES;
				INFOPLIST_KEY_UISupportedInterfaceOrientations_iPad = "UIInterfaceOrientationPortrait UIInterfaceOrientationPortraitUpsideDown UIInterfaceOrientationLandscapeLeft UIInterfaceOrientationLandscapeRight";
				INFOPLIST_KEY_UISupportedInterfaceOrientations_iPhone = "UIInterfaceOrientationPortrait UIInterfaceOrientationLandscapeLeft UIInterfaceOrientationLandscapeRight";
				IPHONEOS_DEPLOYMENT_TARGET = 15.0;
				LD_RUNPATH_SEARCH_PATHS = (
					"$(inherited)",
					"@executable_path/Frameworks",
				);
				MARKETING_VERSION = 1.0;
				PRODUCT_BUNDLE_IDENTIFIER = com.qiudaomao.claft;
				PRODUCT_NAME = "$(TARGET_NAME)";
				SUPPORTS_MACCATALYST = YES;
				SWIFT_EMIT_LOC_STRINGS = YES;
				SWIFT_VERSION = 5.0;
				TARGETED_DEVICE_FAMILY = "1,2";
			};
			name = Debug;
		};
		E9D75DED2754C109008E20F0 /* Release */ = {
			isa = XCBuildConfiguration;
			buildSettings = {
				ASSETCATALOG_COMPILER_APPICON_NAME = AppIcon;
				ASSETCATALOG_COMPILER_GLOBAL_ACCENT_COLOR_NAME = AccentColor;
				CODE_SIGN_ENTITLEMENTS = claft/claft.entitlements;
				CODE_SIGN_STYLE = Automatic;
				CURRENT_PROJECT_VERSION = 1;
				DEVELOPMENT_ASSET_PATHS = "\"claft/Preview Content\"";
				DEVELOPMENT_TEAM = SGZE33W2XX;
				ENABLE_PREVIEWS = YES;
				GENERATE_INFOPLIST_FILE = YES;
				INFOPLIST_KEY_UIApplicationSceneManifest_Generation = YES;
				INFOPLIST_KEY_UIApplicationSupportsIndirectInputEvents = YES;
				INFOPLIST_KEY_UILaunchScreen_Generation = YES;
				INFOPLIST_KEY_UISupportedInterfaceOrientations_iPad = "UIInterfaceOrientationPortrait UIInterfaceOrientationPortraitUpsideDown UIInterfaceOrientationLandscapeLeft UIInterfaceOrientationLandscapeRight";
				INFOPLIST_KEY_UISupportedInterfaceOrientations_iPhone = "UIInterfaceOrientationPortrait UIInterfaceOrientationLandscapeLeft UIInterfaceOrientationLandscapeRight";
				IPHONEOS_DEPLOYMENT_TARGET = 15.0;
				LD_RUNPATH_SEARCH_PATHS = (
					"$(inherited)",
					"@executable_path/Frameworks",
				);
				MARKETING_VERSION = 1.0;
				PRODUCT_BUNDLE_IDENTIFIER = com.qiudaomao.claft;
				PRODUCT_NAME = "$(TARGET_NAME)";
				SUPPORTS_MACCATALYST = YES;
				SWIFT_EMIT_LOC_STRINGS = YES;
				SWIFT_VERSION = 5.0;
				TARGETED_DEVICE_FAMILY = "1,2";
			};
			name = Release;
		};
		E9D75DEF2754C109008E20F0 /* Debug */ = {
			isa = XCBuildConfiguration;
			buildSettings = {
				ALWAYS_EMBED_SWIFT_STANDARD_LIBRARIES = YES;
				BUNDLE_LOADER = "$(TEST_HOST)";
				CODE_SIGN_STYLE = Automatic;
				CURRENT_PROJECT_VERSION = 1;
				DEVELOPMENT_TEAM = SGZE33W2XX;
				GENERATE_INFOPLIST_FILE = YES;
				IPHONEOS_DEPLOYMENT_TARGET = 15.0;
				LD_RUNPATH_SEARCH_PATHS = (
					"$(inherited)",
					"@executable_path/Frameworks",
					"@loader_path/Frameworks",
				);
				MARKETING_VERSION = 1.0;
				PRODUCT_BUNDLE_IDENTIFIER = com.qiudaomao.claftTests;
				PRODUCT_NAME = "$(TARGET_NAME)";
				SWIFT_EMIT_LOC_STRINGS = NO;
				SWIFT_VERSION = 5.0;
				TARGETED_DEVICE_FAMILY = "1,2";
				TEST_HOST = "$(BUILT_PRODUCTS_DIR)/claft.app/claft";
			};
			name = Debug;
		};
		E9D75DF02754C109008E20F0 /* Release */ = {
			isa = XCBuildConfiguration;
			buildSettings = {
				ALWAYS_EMBED_SWIFT_STANDARD_LIBRARIES = YES;
				BUNDLE_LOADER = "$(TEST_HOST)";
				CODE_SIGN_STYLE = Automatic;
				CURRENT_PROJECT_VERSION = 1;
				DEVELOPMENT_TEAM = SGZE33W2XX;
				GENERATE_INFOPLIST_FILE = YES;
				IPHONEOS_DEPLOYMENT_TARGET = 15.0;
				LD_RUNPATH_SEARCH_PATHS = (
					"$(inherited)",
					"@executable_path/Frameworks",
					"@loader_path/Frameworks",
				);
				MARKETING_VERSION = 1.0;
				PRODUCT_BUNDLE_IDENTIFIER = com.qiudaomao.claftTests;
				PRODUCT_NAME = "$(TARGET_NAME)";
				SWIFT_EMIT_LOC_STRINGS = NO;
				SWIFT_VERSION = 5.0;
				TARGETED_DEVICE_FAMILY = "1,2";
				TEST_HOST = "$(BUILT_PRODUCTS_DIR)/claft.app/claft";
			};
			name = Release;
		};
		E9D75DF22754C109008E20F0 /* Debug */ = {
			isa = XCBuildConfiguration;
			buildSettings = {
				ALWAYS_EMBED_SWIFT_STANDARD_LIBRARIES = YES;
				CODE_SIGN_STYLE = Automatic;
				CURRENT_PROJECT_VERSION = 1;
				DEVELOPMENT_TEAM = SGZE33W2XX;
				GENERATE_INFOPLIST_FILE = YES;
				LD_RUNPATH_SEARCH_PATHS = (
					"$(inherited)",
					"@executable_path/Frameworks",
					"@loader_path/Frameworks",
				);
				MARKETING_VERSION = 1.0;
				PRODUCT_BUNDLE_IDENTIFIER = com.qiudaomao.claftUITests;
				PRODUCT_NAME = "$(TARGET_NAME)";
				SWIFT_EMIT_LOC_STRINGS = NO;
				SWIFT_VERSION = 5.0;
				TARGETED_DEVICE_FAMILY = "1,2";
				TEST_TARGET_NAME = claft;
			};
			name = Debug;
		};
		E9D75DF32754C109008E20F0 /* Release */ = {
			isa = XCBuildConfiguration;
			buildSettings = {
				ALWAYS_EMBED_SWIFT_STANDARD_LIBRARIES = YES;
				CODE_SIGN_STYLE = Automatic;
				CURRENT_PROJECT_VERSION = 1;
				DEVELOPMENT_TEAM = SGZE33W2XX;
				GENERATE_INFOPLIST_FILE = YES;
				LD_RUNPATH_SEARCH_PATHS = (
					"$(inherited)",
					"@executable_path/Frameworks",
					"@loader_path/Frameworks",
				);
				MARKETING_VERSION = 1.0;
				PRODUCT_BUNDLE_IDENTIFIER = com.qiudaomao.claftUITests;
				PRODUCT_NAME = "$(TARGET_NAME)";
				SWIFT_EMIT_LOC_STRINGS = NO;
				SWIFT_VERSION = 5.0;
				TARGETED_DEVICE_FAMILY = "1,2";
				TEST_TARGET_NAME = claft;
			};
			name = Release;
		};
/* End XCBuildConfiguration section */

/* Begin XCConfigurationList section */
		E958E3A027CC66F2001197A9 /* Build configuration list for PBXNativeTarget "ClaftMac" */ = {
			isa = XCConfigurationList;
			buildConfigurations = (
				E958E3A127CC66F2001197A9 /* Debug */,
				E958E3A227CC66F2001197A9 /* Release */,
			);
			defaultConfigurationIsVisible = 0;
			defaultConfigurationName = Release;
		};
		E958E3A327CC66F2001197A9 /* Build configuration list for PBXNativeTarget "ClaftMacTests" */ = {
			isa = XCConfigurationList;
			buildConfigurations = (
				E958E3A427CC66F2001197A9 /* Debug */,
				E958E3A527CC66F2001197A9 /* Release */,
			);
			defaultConfigurationIsVisible = 0;
			defaultConfigurationName = Release;
		};
		E958E3A627CC66F2001197A9 /* Build configuration list for PBXNativeTarget "ClaftMacUITests" */ = {
			isa = XCConfigurationList;
			buildConfigurations = (
				E958E3A727CC66F2001197A9 /* Debug */,
				E958E3A827CC66F2001197A9 /* Release */,
			);
			defaultConfigurationIsVisible = 0;
			defaultConfigurationName = Release;
		};
		E9D75DC22754C106008E20F0 /* Build configuration list for PBXProject "claft" */ = {
			isa = XCConfigurationList;
			buildConfigurations = (
				E9D75DE92754C109008E20F0 /* Debug */,
				E9D75DEA2754C109008E20F0 /* Release */,
			);
			defaultConfigurationIsVisible = 0;
			defaultConfigurationName = Release;
		};
		E9D75DEB2754C109008E20F0 /* Build configuration list for PBXNativeTarget "claft" */ = {
			isa = XCConfigurationList;
			buildConfigurations = (
				E9D75DEC2754C109008E20F0 /* Debug */,
				E9D75DED2754C109008E20F0 /* Release */,
			);
			defaultConfigurationIsVisible = 0;
			defaultConfigurationName = Release;
		};
		E9D75DEE2754C109008E20F0 /* Build configuration list for PBXNativeTarget "claftTests" */ = {
			isa = XCConfigurationList;
			buildConfigurations = (
				E9D75DEF2754C109008E20F0 /* Debug */,
				E9D75DF02754C109008E20F0 /* Release */,
			);
			defaultConfigurationIsVisible = 0;
			defaultConfigurationName = Release;
		};
		E9D75DF12754C109008E20F0 /* Build configuration list for PBXNativeTarget "claftUITests" */ = {
			isa = XCConfigurationList;
			buildConfigurations = (
				E9D75DF22754C109008E20F0 /* Debug */,
				E9D75DF32754C109008E20F0 /* Release */,
			);
			defaultConfigurationIsVisible = 0;
			defaultConfigurationName = Release;
		};
/* End XCConfigurationList section */
	};
	rootObject = E9D75DBF2754C106008E20F0 /* Project object */;
}
